
Microsoft Visual Studio Solution File, Format Version 12.00
# Visual Studio Version 17
VisualStudioVersion = 17.2.32526.322
MinimumVisualStudioVersion = 10.0.40219.1
Project("{9A19103F-16F7-4668-BE54-9A1E7A4F7556}") = "BlazingPizza", "BlazingPizza.csproj", "{054E91CB-0D3F-470D-AB8C-8D460058A558}"
EndProject
Global
	GlobalSection(SolutionConfigurationPlatforms) = preSolution
		Debug|Any CPU = Debug|Any CPU
		Release|Any CPU = Release|Any CPU
	EndGlobalSection
	GlobalSection(ProjectConfigurationPlatforms) = postSolution
		{054E91CB-0D3F-470D-AB8C-8D460058A558}.Debug|Any CPU.ActiveCfg = Debug|Any CPU
		{054E91CB-0D3F-470D-AB8C-8D460058A558}.Debug|Any CPU.Build.0 = Debug|Any CPU
		{054E91CB-0D3F-470D-AB8C-8D460058A558}.Release|Any CPU.ActiveCfg = Release|Any CPU
		{054E91CB-0D3F-470D-AB8C-8D460058A558}.Release|Any CPU.Build.0 = Release|Any CPU
	EndGlobalSection
	GlobalSection(SolutionProperties) = preSolution
		HideSolutionNode = FALSE
	EndGlobalSection
	GlobalSection(ExtensibilityGlobals) = postSolution
		SolutionGuid = {B75E1D5D-E84B-472E-BC38-A2CA0216C044}
	EndGlobalSection
EndGlobal
